
Microsoft Visual Studio Solution File, Format Version 12.00
# Visual Studio 15
VisualStudioVersion = 15.0.28307.106
MinimumVisualStudioVersion = 10.0.40219.1
Project("{FAE04EC0-301F-11D3-BF4B-00C04F79EFBC}") = "TestConsoleApp", "TestConsoleApp\TestConsoleApp.csproj", "{7A005415-FEF2-4782-986C-44972D86D46E}"
EndProject
Project("{FAE04EC0-301F-11D3-BF4B-00C04F79EFBC}") = "TestConsoleApp.UnitTests", "TestConsoleApp.UnitTests\TestConsoleApp.UnitTests.csproj", "{537BD824-7A53-41D6-B7CD-CDE49D35D0CD}"
EndProject
Global
	GlobalSection(SolutionConfigurationPlatforms) = preSolution
		Debug|Any CPU = Debug|Any CPU
		Release|Any CPU = Release|Any CPU
	EndGlobalSection
	GlobalSection(ProjectConfigurationPlatforms) = postSolution
		{7A005415-FEF2-4782-986C-44972D86D46E}.Debug|Any CPU.ActiveCfg = Debug|Any CPU
		{7A005415-FEF2-4782-986C-44972D86D46E}.Debug|Any CPU.Build.0 = Debug|Any CPU
		{7A005415-FEF2-4782-986C-44972D86D46E}.Release|Any CPU.ActiveCfg = Release|Any CPU
		{7A005415-FEF2-4782-986C-44972D86D46E}.Release|Any CPU.Build.0 = Release|Any CPU
		{537BD824-7A53-41D6-B7CD-CDE49D35D0CD}.Debug|Any CPU.ActiveCfg = Debug|Any CPU
		{537BD824-7A53-41D6-B7CD-CDE49D35D0CD}.Debug|Any CPU.Build.0 = Debug|Any CPU
		{537BD824-7A53-41D6-B7CD-CDE49D35D0CD}.Release|Any CPU.ActiveCfg = Release|Any CPU
		{537BD824-7A53-41D6-B7CD-CDE49D35D0CD}.Release|Any CPU.Build.0 = Release|Any CPU
	EndGlobalSection
	GlobalSection(SolutionProperties) = preSolution
		HideSolutionNode = FALSE
	EndGlobalSection
	GlobalSection(ExtensibilityGlobals) = postSolution
		SolutionGuid = {BEF835AC-1C50-4C48-B20E-66A1197E2EA4}
	EndGlobalSection
EndGlobal
